
Microsoft Visual Studio Solution File, Format Version 12.00
# Visual Studio Version 17
VisualStudioVersion = 17.3.32819.101
MinimumVisualStudioVersion = 10.0.40219.1
Project("{FAE04EC0-301F-11D3-BF4B-00C04F79EFBC}") = "ReArmature", "ReArmature.csproj", "{1849FBCB-8A44-4145-8D95-B1F3D3331017}"
EndProject
Global
	GlobalSection(SolutionConfigurationPlatforms) = preSolution
		Debug|Any CPU = Debug|Any CPU
		Release|Any CPU = Release|Any CPU
	EndGlobalSection
	GlobalSection(ProjectConfigurationPlatforms) = postSolution
		{1849FBCB-8A44-4145-8D95-B1F3D3331017}.Debug|Any CPU.ActiveCfg = Debug|Any CPU
		{1849FBCB-8A44-4145-8D95-B1F3D3331017}.Debug|Any CPU.Build.0 = Debug|Any CPU
		{1849FBCB-8A44-4145-8D95-B1F3D3331017}.Release|Any CPU.ActiveCfg = Release|Any CPU
		{1849FBCB-8A44-4145-8D95-B1F3D3331017}.Release|Any CPU.Build.0 = Release|Any CPU
	EndGlobalSection
	GlobalSection(SolutionProperties) = preSolution
		HideSolutionNode = FALSE
	EndGlobalSection
	GlobalSection(ExtensibilityGlobals) = postSolution
		SolutionGuid = {A15977B2-D67A-47B5-87F2-980DCB9B9DDB}
	EndGlobalSection
EndGlobal
